// !$*UTF8*$!
{
	archiveVersion = 1;
	classes = {
	};
	objectVersion = 46;
	objects = {

/* Begin PBXBuildFile section */
		B767884C1B1B7E6E00503E91 /* main.m in Sources */ = {isa = PBXBuildFile; fileRef = B767884B1B1B7E6E00503E91 /* main.m */; };
		B767884F1B1B7E6E00503E91 /* AppDelegate.m in Sources */ = {isa = PBXBuildFile; fileRef = B767884E1B1B7E6E00503E91 /* AppDelegate.m */; };
		B76788521B1B7E6E00503E91 /* ViewController.m in Sources */ = {isa = PBXBuildFile; fileRef = B76788511B1B7E6E00503E91 /* ViewController.m */; };
		B76788551B1B7E6E00503E91 /* Main.storyboard in Resources */ = {isa = PBXBuildFile; fileRef = B76788531B1B7E6E00503E91 /* Main.storyboard */; };
		B76788571B1B7E6E00503E91 /* Images.xcassets in Resources */ = {isa = PBXBuildFile; fileRef = B76788561B1B7E6E00503E91 /* Images.xcassets */; };
		B767885A1B1B7E6E00503E91 /* LaunchScreen.xib in Resources */ = {isa = PBXBuildFile; fileRef = B76788581B1B7E6E00503E91 /* LaunchScreen.xib */; };
		B76788661B1B7E6E00503E91 /* DateCalculatorTests.m in Sources */ = {isa = PBXBuildFile; fileRef = B76788651B1B7E6E00503E91 /* DateCalculatorTests.m */; };
		B76EBF321B20C67C0088175F /* Sweater.m in Sources */ = {isa = PBXBuildFile; fileRef = B76EBF311B20C67C0088175F /* Sweater.m */; };
		B76EBF351B20F3D50088175F /* person.m in Sources */ = {isa = PBXBuildFile; fileRef = B76EBF341B20F3D50088175F /* person.m */; };
		B76EBF381B214E5A0088175F /* Freckles.m in Sources */ = {isa = PBXBuildFile; fileRef = B76EBF371B214E5A0088175F /* Freckles.m */; };
		B76EBF3B1B214F4E0088175F /* Stephani.m in Sources */ = {isa = PBXBuildFile; fileRef = B76EBF3A1B214F4E0088175F /* Stephani.m */; };
		B76EBF3E1B214F6C0088175F /* Vickie.m in Sources */ = {isa = PBXBuildFile; fileRef = B76EBF3D1B214F6C0088175F /* Vickie.m */; };
		B7D9F8AA1B2A1CCF00860FB3 /* Dog.m in Sources */ = {isa = PBXBuildFile; fileRef = B7D9F8A91B2A1CCF00860FB3 /* Dog.m */; };
/* End PBXBuildFile section */

/* Begin PBXContainerItemProxy section */
		B76788601B1B7E6E00503E91 /* PBXContainerItemProxy */ = {
			isa = PBXContainerItemProxy;
			containerPortal = B767883E1B1B7E6E00503E91 /* Project object */;
			proxyType = 1;
			remoteGlobalIDString = B76788451B1B7E6E00503E91;
			remoteInfo = DateCalculator;
		};
/* End PBXContainerItemProxy section */

/* Begin PBXFileReference section */
		B76788461B1B7E6E00503E91 /* DateCalculator.app */ = {isa = PBXFileReference; explicitFileType = wrapper.application; includeInIndex = 0; path = DateCalculator.app; sourceTree = BUILT_PRODUCTS_DIR; };
		B767884A1B1B7E6E00503E91 /* Info.plist */ = {isa = PBXFileReference; lastKnownFileType = text.plist.xml; path = Info.plist; sourceTree = "<group>"; };
		B767884B1B1B7E6E00503E91 /* main.m */ = {isa = PBXFileReference; lastKnownFileType = sourcecode.c.objc; path = main.m; sourceTree = "<group>"; };
		B767884D1B1B7E6E00503E91 /* AppDelegate.h */ = {isa = PBXFileReference; lastKnownFileType = sourcecode.c.h; path = AppDelegate.h; sourceTree = "<group>"; };
		B767884E1B1B7E6E00503E91 /* AppDelegate.m */ = {isa = PBXFileReference; lastKnownFileType = sourcecode.c.objc; path = AppDelegate.m; sourceTree = "<group>"; };
		B76788501B1B7E6E00503E91 /* ViewController.h */ = {isa = PBXFileReference; lastKnownFileType = sourcecode.c.h; path = ViewController.h; sourceTree = "<group>"; };
		B76788511B1B7E6E00503E91 /* ViewController.m */ = {isa = PBXFileReference; lastKnownFileType = sourcecode.c.objc; path = ViewController.m; sourceTree = "<group>"; };
		B76788541B1B7E6E00503E91 /* Base */ = {isa = PBXFileReference; lastKnownFileType = file.storyboard; name = Base; path = Base.lproj/Main.storyboard; sourceTree = "<group>"; };
		B76788561B1B7E6E00503E91 /* Images.xcassets */ = {isa = PBXFileReference; lastKnownFileType = folder.assetcatalog; path = Images.xcassets; sourceTree = "<group>"; };
		B76788591B1B7E6E00503E91 /* Base */ = {isa = PBXFileReference; lastKnownFileType = file.xib; name = Base; path = Base.lproj/LaunchScreen.xib; sourceTree = "<group>"; };
		B767885F1B1B7E6E00503E91 /* DateCalculatorTests.xctest */ = {isa = PBXFileReference; explicitFileType = wrapper.cfbundle; includeInIndex = 0; path = DateCalculatorTests.xctest; sourceTree = BUILT_PRODUCTS_DIR; };
		B76788641B1B7E6E00503E91 /* Info.plist */ = {isa = PBXFileReference; lastKnownFileType = text.plist.xml; path = Info.plist; sourceTree = "<group>"; };
		B76788651B1B7E6E00503E91 /* DateCalculatorTests.m */ = {isa = PBXFileReference; lastKnownFileType = sourcecode.c.objc; path = DateCalculatorTests.m; sourceTree = "<group>"; };
		B76EBF301B20C67C0088175F /* Sweater.h */ = {isa = PBXFileReference; fileEncoding = 4; lastKnownFileType = sourcecode.c.h; path = Sweater.h; sourceTree = "<group>"; };
		B76EBF311B20C67C0088175F /* Sweater.m */ = {isa = PBXFileReference; fileEncoding = 4; lastKnownFileType = sourcecode.c.objc; path = Sweater.m; sourceTree = "<group>"; };
		B76EBF331B20F3D50088175F /* person.h */ = {isa = PBXFileReference; fileEncoding = 4; lastKnownFileType = sourcecode.c.h; name = person.h; path = ../person.h; sourceTree = "<group>"; };
		B76EBF341B20F3D50088175F /* person.m */ = {isa = PBXFileReference; fileEncoding = 4; lastKnownFileType = sourcecode.c.objc; name = person.m; path = ../person.m; sourceTree = "<group>"; };
		B76EBF361B214E5A0088175F /* Freckles.h */ = {isa = PBXFileReference; fileEncoding = 4; lastKnownFileType = sourcecode.c.h; name = Freckles.h; path = ../Freckles.h; sourceTree = "<group>"; };
		B76EBF371B214E5A0088175F /* Freckles.m */ = {isa = PBXFileReference; fileEncoding = 4; lastKnownFileType = sourcecode.c.objc; name = Freckles.m; path = ../Freckles.m; sourceTree = "<group>"; };
		B76EBF391B214F4D0088175F /* Stephani.h */ = {isa = PBXFileReference; fileEncoding = 4; lastKnownFileType = sourcecode.c.h; name = Stephani.h; path = ../Stephani.h; sourceTree = "<group>"; };
		B76EBF3A1B214F4E0088175F /* Stephani.m */ = {isa = PBXFileReference; fileEncoding = 4; lastKnownFileType = sourcecode.c.objc; name = Stephani.m; path = ../Stephani.m; sourceTree = "<group>"; };
		B76EBF3C1B214F6C0088175F /* Vickie.h */ = {isa = PBXFileReference; fileEncoding = 4; lastKnownFileType = sourcecode.c.h; name = Vickie.h; path = ../Vickie.h; sourceTree = "<group>"; };
		B76EBF3D1B214F6C0088175F /* Vickie.m */ = {isa = PBXFileReference; fileEncoding = 4; lastKnownFileType = sourcecode.c.objc; name = Vickie.m; path = ../Vickie.m; sourceTree = "<group>"; };
		B7D9F8A81B2A1CCF00860FB3 /* Dog.h */ = {isa = PBXFileReference; fileEncoding = 4; lastKnownFileType = sourcecode.c.h; name = Dog.h; path = ../Dog.h; sourceTree = "<group>"; };
		B7D9F8A91B2A1CCF00860FB3 /* Dog.m */ = {isa = PBXFileReference; fileEncoding = 4; lastKnownFileType = sourcecode.c.objc; name = Dog.m; path = ../Dog.m; sourceTree = "<group>"; };
/* End PBXFileReference section */

/* Begin PBXFrameworksBuildPhase section */
		B76788431B1B7E6E00503E91 /* Frameworks */ = {
			isa = PBXFrameworksBuildPhase;
			buildActionMask = 2147483647;
			files = (
			);
			runOnlyForDeploymentPostprocessing = 0;
		};
		B767885C1B1B7E6E00503E91 /* Frameworks */ = {
			isa = PBXFrameworksBuildPhase;
			buildActionMask = 2147483647;
			files = (
			);
			runOnlyForDeploymentPostprocessing = 0;
		};
/* End PBXFrameworksBuildPhase section */

/* Begin PBXGroup section */
		B767883D1B1B7E6E00503E91 = {
			isa = PBXGroup;
			children = (
				B76788481B1B7E6E00503E91 /* DateCalculator */,
				B76788621B1B7E6E00503E91 /* DateCalculatorTests */,
				B76788471B1B7E6E00503E91 /* Products */,
			);
			sourceTree = "<group>";
		};
		B76788471B1B7E6E00503E91 /* Products */ = {
			isa = PBXGroup;
			children = (
				B76788461B1B7E6E00503E91 /* DateCalculator.app */,
				B767885F1B1B7E6E00503E91 /* DateCalculatorTests.xctest */,
			);
			name = Products;
			sourceTree = "<group>";
		};
		B76788481B1B7E6E00503E91 /* DateCalculator */ = {
			isa = PBXGroup;
			children = (
				B767884D1B1B7E6E00503E91 /* AppDelegate.h */,
				B767884E1B1B7E6E00503E91 /* AppDelegate.m */,
				B76788501B1B7E6E00503E91 /* ViewController.h */,
				B76788511B1B7E6E00503E91 /* ViewController.m */,
				B76788531B1B7E6E00503E91 /* Main.storyboard */,
				B76788561B1B7E6E00503E91 /* Images.xcassets */,
				B76788581B1B7E6E00503E91 /* LaunchScreen.xib */,
				B76788491B1B7E6E00503E91 /* Supporting Files */,
				B76EBF301B20C67C0088175F /* Sweater.h */,
				B76EBF311B20C67C0088175F /* Sweater.m */,
				B76EBF331B20F3D50088175F /* person.h */,
				B76EBF341B20F3D50088175F /* person.m */,
				B76EBF361B214E5A0088175F /* Freckles.h */,
				B76EBF371B214E5A0088175F /* Freckles.m */,
				B76EBF391B214F4D0088175F /* Stephani.h */,
				B76EBF3A1B214F4E0088175F /* Stephani.m */,
				B76EBF3C1B214F6C0088175F /* Vickie.h */,
				B76EBF3D1B214F6C0088175F /* Vickie.m */,
				B7D9F8A81B2A1CCF00860FB3 /* Dog.h */,
				B7D9F8A91B2A1CCF00860FB3 /* Dog.m */,
			);
			path = DateCalculator;
			sourceTree = "<group>";
		};
		B76788491B1B7E6E00503E91 /* Supporting Files */ = {
			isa = PBXGroup;
			children = (
				B767884A1B1B7E6E00503E91 /* Info.plist */,
				B767884B1B1B7E6E00503E91 /* main.m */,
			);
			name = "Supporting Files";
			sourceTree = "<group>";
		};
		B76788621B1B7E6E00503E91 /* DateCalculatorTests */ = {
			isa = PBXGroup;
			children = (
				B76788651B1B7E6E00503E91 /* DateCalculatorTests.m */,
				B76788631B1B7E6E00503E91 /* Supporting Files */,
			);
			path = DateCalculatorTests;
			sourceTree = "<group>";
		};
		B76788631B1B7E6E00503E91 /* Supporting Files */ = {
			isa = PBXGroup;
			children = (
				B76788641B1B7E6E00503E91 /* Info.plist */,
			);
			name = "Supporting Files";
			sourceTree = "<group>";
		};
/* End PBXGroup section */

/* Begin PBXNativeTarget section */
		B76788451B1B7E6E00503E91 /* DateCalculator */ = {
			isa = PBXNativeTarget;
			buildConfigurationList = B76788691B1B7E6E00503E91 /* Build configuration list for PBXNativeTarget "DateCalculator" */;
			buildPhases = (
				B76788421B1B7E6E00503E91 /* Sources */,
				B76788431B1B7E6E00503E91 /* Frameworks */,
				B76788441B1B7E6E00503E91 /* Resources */,
			);
			buildRules = (
			);
			dependencies = (
			);
			name = DateCalculator;
			productName = DateCalculator;
			productReference = B76788461B1B7E6E00503E91 /* DateCalculator.app */;
			productType = "com.apple.product-type.application";
		};
		B767885E1B1B7E6E00503E91 /* DateCalculatorTests */ = {
			isa = PBXNativeTarget;
			buildConfigurationList = B767886C1B1B7E6E00503E91 /* Build configuration list for PBXNativeTarget "DateCalculatorTests" */;
			buildPhases = (
				B767885B1B1B7E6E00503E91 /* Sources */,
				B767885C1B1B7E6E00503E91 /* Frameworks */,
				B767885D1B1B7E6E00503E91 /* Resources */,
			);
			buildRules = (
			);
			dependencies = (
				B76788611B1B7E6E00503E91 /* PBXTargetDependency */,
			);
			name = DateCalculatorTests;
			productName = DateCalculatorTests;
			productReference = B767885F1B1B7E6E00503E91 /* DateCalculatorTests.xctest */;
			productType = "com.apple.product-type.bundle.unit-test";
		};
/* End PBXNativeTarget section */

/* Begin PBXProject section */
		B767883E1B1B7E6E00503E91 /* Project object */ = {
			isa = PBXProject;
			attributes = {
				LastUpgradeCheck = 0630;
				ORGANIZATIONNAME = "Pantham Rahul";
				TargetAttributes = {
					B76788451B1B7E6E00503E91 = {
						CreatedOnToolsVersion = 6.3.2;
					};
					B767885E1B1B7E6E00503E91 = {
						CreatedOnToolsVersion = 6.3.2;
						TestTargetID = B76788451B1B7E6E00503E91;
					};
				};
			};
			buildConfigurationList = B76788411B1B7E6E00503E91 /* Build configuration list for PBXProject "DateCalculator" */;
			compatibilityVersion = "Xcode 3.2";
			developmentRegion = English;
			hasScannedForEncodings = 0;
			knownRegions = (
				en,
				Base,
			);
			mainGroup = B767883D1B1B7E6E00503E91;
			productRefGroup = B76788471B1B7E6E00503E91 /* Products */;
			projectDirPath = "";
			projectRoot = "";
			targets = (
				B76788451B1B7E6E00503E91 /* DateCalculator */,
				B767885E1B1B7E6E00503E91 /* DateCalculatorTests */,
			);
		};
/* End PBXProject section */

/* Begin PBXResourcesBuildPhase section */
		B76788441B1B7E6E00503E91 /* Resources */ = {
			isa = PBXResourcesBuildPhase;
			buildActionMask = 2147483647;
			files = (
				B76788551B1B7E6E00503E91 /* Main.storyboard in Resources */,
				B767885A1B1B7E6E00503E91 /* LaunchScreen.xib in Resources */,
				B76788571B1B7E6E00503E91 /* Images.xcassets in Resources */,
			);
			runOnlyForDeploymentPostprocessing = 0;
		};
		B767885D1B1B7E6E00503E91 /* Resources */ = {
			isa = PBXResourcesBuildPhase;
			buildActionMask = 2147483647;
			files = (
			);
			runOnlyForDeploymentPostprocessing = 0;
		};
/* End PBXResourcesBuildPhase section */

/* Begin PBXSourcesBuildPhase section */
		B76788421B1B7E6E00503E91 /* Sources */ = {
			isa = PBXSourcesBuildPhase;
			buildActionMask = 2147483647;
			files = (
				B7D9F8AA1B2A1CCF00860FB3 /* Dog.m in Sources */,
				B76788521B1B7E6E00503E91 /* ViewController.m in Sources */,
				B76EBF351B20F3D50088175F /* person.m in Sources */,
				B76EBF381B214E5A0088175F /* Freckles.m in Sources */,
				B76EBF3B1B214F4E0088175F /* Stephani.m in Sources */,
				B767884F1B1B7E6E00503E91 /* AppDelegate.m in Sources */,
				B767884C1B1B7E6E00503E91 /* main.m in Sources */,
				B76EBF3E1B214F6C0088175F /* Vickie.m in Sources */,
				B76EBF321B20C67C0088175F /* Sweater.m in Sources */,
			);
			runOnlyForDeploymentPostprocessing = 0;
		};
		B767885B1B1B7E6E00503E91 /* Sources */ = {
			isa = PBXSourcesBuildPhase;
			buildActionMask = 2147483647;
			files = (
				B76788661B1B7E6E00503E91 /* DateCalculatorTests.m in Sources */,
			);
			runOnlyForDeploymentPostprocessing = 0;
		};
/* End PBXSourcesBuildPhase section */

/* Begin PBXTargetDependency section */
		B76788611B1B7E6E00503E91 /* PBXTargetDependency */ = {
			isa = PBXTargetDependency;
			target = B76788451B1B7E6E00503E91 /* DateCalculator */;
			targetProxy = B76788601B1B7E6E00503E91 /* PBXContainerItemProxy */;
		};
/* End PBXTargetDependency section */

/* Begin PBXVariantGroup section */
		B76788531B1B7E6E00503E91 /* Main.storyboard */ = {
			isa = PBXVariantGroup;
			children = (
				B76788541B1B7E6E00503E91 /* Base */,
			);
			name = Main.storyboard;
			sourceTree = "<group>";
		};
		B76788581B1B7E6E00503E91 /* LaunchScreen.xib */ = {
			isa = PBXVariantGroup;
			children = (
				B76788591B1B7E6E00503E91 /* Base */,
			);
			name = LaunchScreen.xib;
			sourceTree = "<group>";
		};
/* End PBXVariantGroup section */

/* Begin XCBuildConfiguration section */
		B76788671B1B7E6E00503E91 /* Debug */ = {
			isa = XCBuildConfiguration;
			buildSettings = {
				ALWAYS_SEARCH_USER_PATHS = NO;
				CLANG_CXX_LANGUAGE_STANDARD = "gnu++0x";
				CLANG_CXX_LIBRARY = "libc++";
				CLANG_ENABLE_MODULES = YES;
				CLANG_ENABLE_OBJC_ARC = YES;
				CLANG_WARN_BOOL_CONVERSION = YES;
				CLANG_WARN_CONSTANT_CONVERSION = YES;
				CLANG_WARN_DIRECT_OBJC_ISA_USAGE = YES_ERROR;
				CLANG_WARN_EMPTY_BODY = YES;
				CLANG_WARN_ENUM_CONVERSION = YES;
				CLANG_WARN_INT_CONVERSION = YES;
				CLANG_WARN_OBJC_ROOT_CLASS = YES_ERROR;
				CLANG_WARN_UNREACHABLE_CODE = YES;
				CLANG_WARN__DUPLICATE_METHOD_MATCH = YES;
				"CODE_SIGN_IDENTITY[sdk=iphoneos*]" = "iPhone Developer";
				COPY_PHASE_STRIP = NO;
				DEBUG_INFORMATION_FORMAT = "dwarf-with-dsym";
				ENABLE_STRICT_OBJC_MSGSEND = YES;
				GCC_C_LANGUAGE_STANDARD = gnu99;
				GCC_DYNAMIC_NO_PIC = NO;
				GCC_NO_COMMON_BLOCKS = YES;
				GCC_OPTIMIZATION_LEVEL = 0;
				GCC_PREPROCESSOR_DEFINITIONS = (
					"DEBUG=1",
					"$(inherited)",
				);
				GCC_SYMBOLS_PRIVATE_EXTERN = NO;
				GCC_WARN_64_TO_32_BIT_CONVERSION = YES;
				GCC_WARN_ABOUT_RETURN_TYPE = YES_ERROR;
				GCC_WARN_UNDECLARED_SELECTOR = YES;
				GCC_WARN_UNINITIALIZED_AUTOS = YES_AGGRESSIVE;
				GCC_WARN_UNUSED_FUNCTION = YES;
				GCC_WARN_UNUSED_VARIABLE = YES;
				IPHONEOS_DEPLOYMENT_TARGET = 8.3;
				MTL_ENABLE_DEBUG_INFO = YES;
				ONLY_ACTIVE_ARCH = YES;
				SDKROOT = iphoneos;
			};
			name = Debug;
		};
		B76788681B1B7E6E00503E91 /* Release */ = {
			isa = XCBuildConfiguration;
			buildSettings = {
				ALWAYS_SEARCH_USER_PATHS = NO;
				CLANG_CXX_LANGUAGE_STANDARD = "gnu++0x";
				CLANG_CXX_LIBRARY = "libc++";
				CLANG_ENABLE_MODULES = YES;
				CLANG_ENABLE_OBJC_ARC = YES;
				CLANG_WARN_BOOL_CONVERSION = YES;
				CLANG_WARN_CONSTANT_CONVERSION = YES;
				CLANG_WARN_DIRECT_OBJC_ISA_USAGE = YES_ERROR;
				CLANG_WARN_EMPTY_BODY = YES;
				CLANG_WARN_ENUM_CONVERSION = YES;
				CLANG_WARN_INT_CONVERSION = YES;
				CLANG_WARN_OBJC_ROOT_CLASS = YES_ERROR;
				CLANG_WARN_UNREACHABLE_CODE = YES;
				CLANG_WARN__DUPLICATE_METHOD_MATCH = YES;
				"CODE_SIGN_IDENTITY[sdk=iphoneos*]" = "iPhone Developer";
				COPY_PHASE_STRIP = NO;
				DEBUG_INFORMATION_FORMAT = "dwarf-with-dsym";
				ENABLE_NS_ASSERTIONS = NO;
				ENABLE_STRICT_OBJC_MSGSEND = YES;
				GCC_C_LANGUAGE_STANDARD = gnu99;
				GCC_NO_COMMON_BLOCKS = YES;
				GCC_WARN_64_TO_32_BIT_CONVERSION = YES;
				GCC_WARN_ABOUT_RETURN_TYPE = YES_ERROR;
				GCC_WARN_UNDECLARED_SELECTOR = YES;
				GCC_WARN_UNINITIALIZED_AUTOS = YES_AGGRESSIVE;
				GCC_WARN_UNUSED_FUNCTION = YES;
				GCC_WARN_UNUSED_VARIABLE = YES;
				IPHONEOS_DEPLOYMENT_TARGET = 8.3;
				MTL_ENABLE_DEBUG_INFO = NO;
				SDKROOT = iphoneos;
				VALIDATE_PRODUCT = YES;
			};
			name = Release;
		};
		B767886A1B1B7E6E00503E91 /* Debug */ = {
			isa = XCBuildConfiguration;
			buildSettings = {
				ASSETCATALOG_COMPILER_APPICON_NAME = AppIcon;
				CLANG_ENABLE_OBJC_ARC = YES;
				INFOPLIST_FILE = DateCalculator/Info.plist;
				LD_RUNPATH_SEARCH_PATHS = "$(inherited) @executable_path/Frameworks";
				PRODUCT_NAME = "$(TARGET_NAME)";
			};
			name = Debug;
		};
		B767886B1B1B7E6E00503E91 /* Release */ = {
			isa = XCBuildConfiguration;
			buildSettings = {
				ASSETCATALOG_COMPILER_APPICON_NAME = AppIcon;
				CLANG_ENABLE_OBJC_ARC = YES;
				INFOPLIST_FILE = DateCalculator/Info.plist;
				LD_RUNPATH_SEARCH_PATHS = "$(inherited) @executable_path/Frameworks";
				PRODUCT_NAME = "$(TARGET_NAME)";
			};
			name = Release;
		};
		B767886D1B1B7E6E00503E91 /* Debug */ = {
			isa = XCBuildConfiguration;
			buildSettings = {
				BUNDLE_LOADER = "$(TEST_HOST)";
				FRAMEWORK_SEARCH_PATHS = (
					"$(SDKROOT)/Developer/Library/Frameworks",
					"$(inherited)",
				);
				GCC_PREPROCESSOR_DEFINITIONS = (
					"DEBUG=1",
					"$(inherited)",
				);
				INFOPLIST_FILE = DateCalculatorTests/Info.plist;
				LD_RUNPATH_SEARCH_PATHS = "$(inherited) @executable_path/Frameworks @loader_path/Frameworks";
				PRODUCT_NAME = "$(TARGET_NAME)";
				TEST_HOST = "$(BUILT_PRODUCTS_DIR)/DateCalculator.app/DateCalculator";
			};
			name = Debug;
		};
		B767886E1B1B7E6E00503E91 /* Release */ = {
			isa = XCBuildConfiguration;
			buildSettings = {
				BUNDLE_LOADER = "$(TEST_HOST)";
				FRAMEWORK_SEARCH_PATHS = (
					"$(SDKROOT)/Developer/Library/Frameworks",
					"$(inherited)",
				);
				INFOPLIST_FILE = DateCalculatorTests/Info.plist;
				LD_RUNPATH_SEARCH_PATHS = "$(inherited) @executable_path/Frameworks @loader_path/Frameworks";
				PRODUCT_NAME = "$(TARGET_NAME)";
				TEST_HOST = "$(BUILT_PRODUCTS_DIR)/DateCalculator.app/DateCalculator";
			};
			name = Release;
		};
/* End XCBuildConfiguration section */

/* Begin XCConfigurationList section */
		B76788411B1B7E6E00503E91 /* Build configuration list for PBXProject "DateCalculator" */ = {
			isa = XCConfigurationList;
			buildConfigurations = (
				B76788671B1B7E6E00503E91 /* Debug */,
				B76788681B1B7E6E00503E91 /* Release */,
			);
			defaultConfigurationIsVisible = 0;
			defaultConfigurationName = Release;
		};
		B76788691B1B7E6E00503E91 /* Build configuration list for PBXNativeTarget "DateCalculator" */ = {
			isa = XCConfigurationList;
			buildConfigurations = (
				B767886A1B1B7E6E00503E91 /* Debug */,
				B767886B1B1B7E6E00503E91 /* Release */,
			);
			defaultConfigurationIsVisible = 0;
			defaultConfigurationName = Release;
		};
		B767886C1B1B7E6E00503E91 /* Build configuration list for PBXNativeTarget "DateCalculatorTests" */ = {
			isa = XCConfigurationList;
			buildConfigurations = (
				B767886D1B1B7E6E00503E91 /* Debug */,
				B767886E1B1B7E6E00503E91 /* Release */,
			);
			defaultConfigurationIsVisible = 0;
			defaultConfigurationName = Release;
		};
/* End XCConfigurationList section */
	};
	rootObject = B767883E1B1B7E6E00503E91 /* Project object */;
}
